
Microsoft Visual Studio Solution File, Format Version 12.00
# Visual Studio Version 17
VisualStudioVersion = 17.5.33424.131
MinimumVisualStudioVersion = 10.0.40219.1
Project("{FAE04EC0-301F-11D3-BF4B-00C04F79EFBC}") = "NimaTask.API", "NimaTask.API\NimaTask.API.csproj", "{EE1588E2-E76F-4EB2-8C59-BA259089FF1C}"
EndProject
Project("{FAE04EC0-301F-11D3-BF4B-00C04F79EFBC}") = "NimaTask.ViewModels", "NimaTask.ViewModels\NimaTask.ViewModels.csproj", "{9364EB84-87E2-43E9-A4D9-8E21BB5CD1FD}"
EndProject
Project("{FAE04EC0-301F-11D3-BF4B-00C04F79EFBC}") = "NimaTask.MVC", "NimaTask.MVC\NimaTask.MVC.csproj", "{49304AB8-1B10-4696-BF5E-DE0CF38FE20D}"
EndProject
Global
	GlobalSection(SolutionConfigurationPlatforms) = preSolution
		Debug|Any CPU = Debug|Any CPU
		Release|Any CPU = Release|Any CPU
	EndGlobalSection
	GlobalSection(ProjectConfigurationPlatforms) = postSolution
		{EE1588E2-E76F-4EB2-8C59-BA259089FF1C}.Debug|Any CPU.ActiveCfg = Debug|Any CPU
		{EE1588E2-E76F-4EB2-8C59-BA259089FF1C}.Debug|Any CPU.Build.0 = Debug|Any CPU
		{EE1588E2-E76F-4EB2-8C59-BA259089FF1C}.Release|Any CPU.ActiveCfg = Release|Any CPU
		{EE1588E2-E76F-4EB2-8C59-BA259089FF1C}.Release|Any CPU.Build.0 = Release|Any CPU
		{9364EB84-87E2-43E9-A4D9-8E21BB5CD1FD}.Debug|Any CPU.ActiveCfg = Debug|Any CPU
		{9364EB84-87E2-43E9-A4D9-8E21BB5CD1FD}.Debug|Any CPU.Build.0 = Debug|Any CPU
		{9364EB84-87E2-43E9-A4D9-8E21BB5CD1FD}.Release|Any CPU.ActiveCfg = Release|Any CPU
		{9364EB84-87E2-43E9-A4D9-8E21BB5CD1FD}.Release|Any CPU.Build.0 = Release|Any CPU
		{49304AB8-1B10-4696-BF5E-DE0CF38FE20D}.Debug|Any CPU.ActiveCfg = Debug|Any CPU
		{49304AB8-1B10-4696-BF5E-DE0CF38FE20D}.Debug|Any CPU.Build.0 = Debug|Any CPU
		{49304AB8-1B10-4696-BF5E-DE0CF38FE20D}.Release|Any CPU.ActiveCfg = Release|Any CPU
		{49304AB8-1B10-4696-BF5E-DE0CF38FE20D}.Release|Any CPU.Build.0 = Release|Any CPU
	EndGlobalSection
	GlobalSection(SolutionProperties) = preSolution
		HideSolutionNode = FALSE
	EndGlobalSection
	GlobalSection(ExtensibilityGlobals) = postSolution
		SolutionGuid = {D121BA8D-B4A6-4C77-B1AE-10332A53344B}
	EndGlobalSection
EndGlobal
